// !$*UTF8*$!
{
	archiveVersion = 1;
	classes = {
	};
	objectVersion = 50;
	objects = {

/* Begin PBXBuildFile section */
		15089B5F2861C27A0076975B /* AppDelegate.swift in Sources */ = {isa = PBXBuildFile; fileRef = 15089B5E2861C27A0076975B /* AppDelegate.swift */; };
		15089B612861C27A0076975B /* SceneDelegate.swift in Sources */ = {isa = PBXBuildFile; fileRef = 15089B602861C27A0076975B /* SceneDelegate.swift */; };
		15089B632861C27A0076975B /* ViewController.swift in Sources */ = {isa = PBXBuildFile; fileRef = 15089B622861C27A0076975B /* ViewController.swift */; };
		15089B662861C27A0076975B /* Main.storyboard in Resources */ = {isa = PBXBuildFile; fileRef = 15089B642861C27A0076975B /* Main.storyboard */; };
		15089B682861C27D0076975B /* Assets.xcassets in Resources */ = {isa = PBXBuildFile; fileRef = 15089B672861C27D0076975B /* Assets.xcassets */; };
		15089B6B2861C27D0076975B /* LaunchScreen.storyboard in Resources */ = {isa = PBXBuildFile; fileRef = 15089B692861C27D0076975B /* LaunchScreen.storyboard */; };
		15089B762861D4D80076975B /* Task.swift in Sources */ = {isa = PBXBuildFile; fileRef = 15089B752861D4D80076975B /* Task.swift */; };
		15089B7D2861F61C0076975B /* BaseTabBarController.swift in Sources */ = {isa = PBXBuildFile; fileRef = 15089B7C2861F61C0076975B /* BaseTabBarController.swift */; };
		15089B822861F90E0076975B /* BaseListController.swift in Sources */ = {isa = PBXBuildFile; fileRef = 15089B812861F90E0076975B /* BaseListController.swift */; };
		15089B8B2861F9FE0076975B /* SearchController.swift in Sources */ = {isa = PBXBuildFile; fileRef = 15089B8A2861F9FE0076975B /* SearchController.swift */; };
		15089B8F2861FA9D0076975B /* FavoriteController.swift in Sources */ = {isa = PBXBuildFile; fileRef = 15089B8E2861FA9D0076975B /* FavoriteController.swift */; };
		15089BCA286356730076975B /* SearchResultCell.swift in Sources */ = {isa = PBXBuildFile; fileRef = 15089BC9286356730076975B /* SearchResultCell.swift */; };
		15536E02286373DD00B9F155 /* Extensions.swift in Sources */ = {isa = PBXBuildFile; fileRef = 15536E01286373DD00B9F155 /* Extensions.swift */; };
		15536E05286376FE00B9F155 /* UIView+Layout.swift in Sources */ = {isa = PBXBuildFile; fileRef = 15536E04286376FE00B9F155 /* UIView+Layout.swift */; };
		15536E0828637A8500B9F155 /* IMG_6897.JPG in Resources */ = {isa = PBXBuildFile; fileRef = 15536E0728637A8500B9F155 /* IMG_6897.JPG */; };
		15536E0C28637E9200B9F155 /* SearchResult.swift in Sources */ = {isa = PBXBuildFile; fileRef = 15536E0B28637E9200B9F155 /* SearchResult.swift */; };
/* End PBXBuildFile section */

/* Begin PBXFileReference section */
		15089B5B2861C27A0076975B /* UnsplashTestTask.app */ = {isa = PBXFileReference; explicitFileType = wrapper.application; includeInIndex = 0; path = UnsplashTestTask.app; sourceTree = BUILT_PRODUCTS_DIR; };
		15089B5E2861C27A0076975B /* AppDelegate.swift */ = {isa = PBXFileReference; lastKnownFileType = sourcecode.swift; path = AppDelegate.swift; sourceTree = "<group>"; };
		15089B602861C27A0076975B /* SceneDelegate.swift */ = {isa = PBXFileReference; lastKnownFileType = sourcecode.swift; path = SceneDelegate.swift; sourceTree = "<group>"; };
		15089B622861C27A0076975B /* ViewController.swift */ = {isa = PBXFileReference; lastKnownFileType = sourcecode.swift; path = ViewController.swift; sourceTree = "<group>"; };
		15089B652861C27A0076975B /* Base */ = {isa = PBXFileReference; lastKnownFileType = file.storyboard; name = Base; path = Base.lproj/Main.storyboard; sourceTree = "<group>"; };
		15089B672861C27D0076975B /* Assets.xcassets */ = {isa = PBXFileReference; lastKnownFileType = folder.assetcatalog; path = Assets.xcassets; sourceTree = "<group>"; };
		15089B6A2861C27D0076975B /* Base */ = {isa = PBXFileReference; lastKnownFileType = file.storyboard; name = Base; path = Base.lproj/LaunchScreen.storyboard; sourceTree = "<group>"; };
		15089B6C2861C27D0076975B /* Info.plist */ = {isa = PBXFileReference; lastKnownFileType = text.plist.xml; path = Info.plist; sourceTree = "<group>"; };
		15089B752861D4D80076975B /* Task.swift */ = {isa = PBXFileReference; lastKnownFileType = sourcecode.swift; path = Task.swift; sourceTree = "<group>"; };
		15089B7C2861F61C0076975B /* BaseTabBarController.swift */ = {isa = PBXFileReference; lastKnownFileType = sourcecode.swift; path = BaseTabBarController.swift; sourceTree = "<group>"; };
		15089B812861F90E0076975B /* BaseListController.swift */ = {isa = PBXFileReference; lastKnownFileType = sourcecode.swift; path = BaseListController.swift; sourceTree = "<group>"; };
		15089B8A2861F9FE0076975B /* SearchController.swift */ = {isa = PBXFileReference; lastKnownFileType = sourcecode.swift; path = SearchController.swift; sourceTree = "<group>"; };
		15089B8E2861FA9D0076975B /* FavoriteController.swift */ = {isa = PBXFileReference; lastKnownFileType = sourcecode.swift; path = FavoriteController.swift; sourceTree = "<group>"; };
		15089BC9286356730076975B /* SearchResultCell.swift */ = {isa = PBXFileReference; lastKnownFileType = sourcecode.swift; path = SearchResultCell.swift; sourceTree = "<group>"; };
		15536E01286373DD00B9F155 /* Extensions.swift */ = {isa = PBXFileReference; lastKnownFileType = sourcecode.swift; path = Extensions.swift; sourceTree = "<group>"; };
		15536E04286376FE00B9F155 /* UIView+Layout.swift */ = {isa = PBXFileReference; fileEncoding = 4; lastKnownFileType = sourcecode.swift; path = "UIView+Layout.swift"; sourceTree = "<group>"; };
		15536E0728637A8500B9F155 /* IMG_6897.JPG */ = {isa = PBXFileReference; lastKnownFileType = image.jpeg; path = IMG_6897.JPG; sourceTree = "<group>"; };
		15536E0B28637E9200B9F155 /* SearchResult.swift */ = {isa = PBXFileReference; lastKnownFileType = sourcecode.swift; path = SearchResult.swift; sourceTree = "<group>"; };
/* End PBXFileReference section */

/* Begin PBXFrameworksBuildPhase section */
		15089B582861C27A0076975B /* Frameworks */ = {
			isa = PBXFrameworksBuildPhase;
			buildActionMask = 2147483647;
			files = (
			);
			runOnlyForDeploymentPostprocessing = 0;
		};
/* End PBXFrameworksBuildPhase section */

/* Begin PBXGroup section */
		15089B522861C27A0076975B = {
			isa = PBXGroup;
			children = (
				15089B5D2861C27A0076975B /* UnsplashTestTask */,
				15089B5C2861C27A0076975B /* Products */,
			);
			sourceTree = "<group>";
		};
		15089B5C2861C27A0076975B /* Products */ = {
			isa = PBXGroup;
			children = (
				15089B5B2861C27A0076975B /* UnsplashTestTask.app */,
			);
			name = Products;
			sourceTree = "<group>";
		};
		15089B5D2861C27A0076975B /* UnsplashTestTask */ = {
			isa = PBXGroup;
			children = (
				15089B752861D4D80076975B /* Task.swift */,
				15089B812861F90E0076975B /* BaseListController.swift */,
				15089B7C2861F61C0076975B /* BaseTabBarController.swift */,
				15536E00286373CE00B9F155 /* Helper */,
				15536E0A28637E7E00B9F155 /* Model */,
				15089BC8286356280076975B /* VIews */,
				15089B7B2861F5B40076975B /* Controllers */,
				15089B672861C27D0076975B /* Assets.xcassets */,
				15089B642861C27A0076975B /* Main.storyboard */,
				15089B692861C27D0076975B /* LaunchScreen.storyboard */,
				15089B6C2861C27D0076975B /* Info.plist */,
				15089B5E2861C27A0076975B /* AppDelegate.swift */,
				15089B602861C27A0076975B /* SceneDelegate.swift */,
				15089B622861C27A0076975B /* ViewController.swift */,
				15536E0728637A8500B9F155 /* IMG_6897.JPG */,
			);
			path = UnsplashTestTask;
			sourceTree = "<group>";
		};
		15089B7B2861F5B40076975B /* Controllers */ = {
			isa = PBXGroup;
			children = (
				15089B8D2861FA6D0076975B /* Favorite */,
				15089B842861F9BE0076975B /* Search */,
			);
			path = Controllers;
			sourceTree = "<group>";
		};
		15089B842861F9BE0076975B /* Search */ = {
			isa = PBXGroup;
			children = (
				15089B8A2861F9FE0076975B /* SearchController.swift */,
			);
			path = Search;
			sourceTree = "<group>";
		};
		15089B8D2861FA6D0076975B /* Favorite */ = {
			isa = PBXGroup;
			children = (
				15089B8E2861FA9D0076975B /* FavoriteController.swift */,
			);
			path = Favorite;
			sourceTree = "<group>";
		};
		15089BC8286356280076975B /* VIews */ = {
			isa = PBXGroup;
			children = (
				15089BC9286356730076975B /* SearchResultCell.swift */,
			);
			path = VIews;
			sourceTree = "<group>";
		};
		15536E00286373CE00B9F155 /* Helper */ = {
			isa = PBXGroup;
			children = (
				15536E01286373DD00B9F155 /* Extensions.swift */,
				15536E04286376FE00B9F155 /* UIView+Layout.swift */,
			);
			path = Helper;
			sourceTree = "<group>";
		};
		15536E0A28637E7E00B9F155 /* Model */ = {
			isa = PBXGroup;
			children = (
				15536E0B28637E9200B9F155 /* SearchResult.swift */,
			);
			path = Model;
			sourceTree = "<group>";
		};
/* End PBXGroup section */

/* Begin PBXNativeTarget section */
		15089B5A2861C27A0076975B /* UnsplashTestTask */ = {
			isa = PBXNativeTarget;
			buildConfigurationList = 15089B6F2861C27D0076975B /* Build configuration list for PBXNativeTarget "UnsplashTestTask" */;
			buildPhases = (
				15089B572861C27A0076975B /* Sources */,
				15089B582861C27A0076975B /* Frameworks */,
				15089B592861C27A0076975B /* Resources */,
			);
			buildRules = (
			);
			dependencies = (
			);
			name = UnsplashTestTask;
			productName = UnsplashTestTask;
			productReference = 15089B5B2861C27A0076975B /* UnsplashTestTask.app */;
			productType = "com.apple.product-type.application";
		};
/* End PBXNativeTarget section */

/* Begin PBXProject section */
		15089B532861C27A0076975B /* Project object */ = {
			isa = PBXProject;
			attributes = {
				LastSwiftUpdateCheck = 1200;
				LastUpgradeCheck = 1200;
				TargetAttributes = {
					15089B5A2861C27A0076975B = {
						CreatedOnToolsVersion = 12.0;
					};
				};
			};
			buildConfigurationList = 15089B562861C27A0076975B /* Build configuration list for PBXProject "UnsplashTestTask" */;
			compatibilityVersion = "Xcode 9.3";
			developmentRegion = en;
			hasScannedForEncodings = 0;
			knownRegions = (
				en,
				Base,
			);
			mainGroup = 15089B522861C27A0076975B;
			productRefGroup = 15089B5C2861C27A0076975B /* Products */;
			projectDirPath = "";
			projectRoot = "";
			targets = (
				15089B5A2861C27A0076975B /* UnsplashTestTask */,
			);
		};
/* End PBXProject section */

/* Begin PBXResourcesBuildPhase section */
		15089B592861C27A0076975B /* Resources */ = {
			isa = PBXResourcesBuildPhase;
			buildActionMask = 2147483647;
			files = (
				15089B6B2861C27D0076975B /* LaunchScreen.storyboard in Resources */,
				15536E0828637A8500B9F155 /* IMG_6897.JPG in Resources */,
				15089B682861C27D0076975B /* Assets.xcassets in Resources */,
				15089B662861C27A0076975B /* Main.storyboard in Resources */,
			);
			runOnlyForDeploymentPostprocessing = 0;
		};
/* End PBXResourcesBuildPhase section */

/* Begin PBXSourcesBuildPhase section */
		15089B572861C27A0076975B /* Sources */ = {
			isa = PBXSourcesBuildPhase;
			buildActionMask = 2147483647;
			files = (
				15089B762861D4D80076975B /* Task.swift in Sources */,
				15089B632861C27A0076975B /* ViewController.swift in Sources */,
				15089B7D2861F61C0076975B /* BaseTabBarController.swift in Sources */,
				15089B8B2861F9FE0076975B /* SearchController.swift in Sources */,
				15089B5F2861C27A0076975B /* AppDelegate.swift in Sources */,
				15536E02286373DD00B9F155 /* Extensions.swift in Sources */,
				15536E05286376FE00B9F155 /* UIView+Layout.swift in Sources */,
				15089B822861F90E0076975B /* BaseListController.swift in Sources */,
				15089B612861C27A0076975B /* SceneDelegate.swift in Sources */,
				15089BCA286356730076975B /* SearchResultCell.swift in Sources */,
				15536E0C28637E9200B9F155 /* SearchResult.swift in Sources */,
				15089B8F2861FA9D0076975B /* FavoriteController.swift in Sources */,
			);
			runOnlyForDeploymentPostprocessing = 0;
		};
/* End PBXSourcesBuildPhase section */

/* Begin PBXVariantGroup section */
		15089B642861C27A0076975B /* Main.storyboard */ = {
			isa = PBXVariantGroup;
			children = (
				15089B652861C27A0076975B /* Base */,
			);
			name = Main.storyboard;
			sourceTree = "<group>";
		};
		15089B692861C27D0076975B /* LaunchScreen.storyboard */ = {
			isa = PBXVariantGroup;
			children = (
				15089B6A2861C27D0076975B /* Base */,
			);
			name = LaunchScreen.storyboard;
			sourceTree = "<group>";
		};
/* End PBXVariantGroup section */

/* Begin XCBuildConfiguration section */
		15089B6D2861C27D0076975B /* Debug */ = {
			isa = XCBuildConfiguration;
			buildSettings = {
				ALWAYS_SEARCH_USER_PATHS = NO;
				CLANG_ANALYZER_NONNULL = YES;
				CLANG_ANALYZER_NUMBER_OBJECT_CONVERSION = YES_AGGRESSIVE;
				CLANG_CXX_LANGUAGE_STANDARD = "gnu++14";
				CLANG_CXX_LIBRARY = "libc++";
				CLANG_ENABLE_MODULES = YES;
				CLANG_ENABLE_OBJC_ARC = YES;
				CLANG_ENABLE_OBJC_WEAK = YES;
				CLANG_WARN_BLOCK_CAPTURE_AUTORELEASING = YES;
				CLANG_WARN_BOOL_CONVERSION = YES;
				CLANG_WARN_COMMA = YES;
				CLANG_WARN_CONSTANT_CONVERSION = YES;
				CLANG_WARN_DEPRECATED_OBJC_IMPLEMENTATIONS = YES;
				CLANG_WARN_DIRECT_OBJC_ISA_USAGE = YES_ERROR;
				CLANG_WARN_DOCUMENTATION_COMMENTS = YES;
				CLANG_WARN_EMPTY_BODY = YES;
				CLANG_WARN_ENUM_CONVERSION = YES;
				CLANG_WARN_INFINITE_RECURSION = YES;
				CLANG_WARN_INT_CONVERSION = YES;
				CLANG_WARN_NON_LITERAL_NULL_CONVERSION = YES;
				CLANG_WARN_OBJC_IMPLICIT_RETAIN_SELF = YES;
				CLANG_WARN_OBJC_LITERAL_CONVERSION = YES;
				CLANG_WARN_OBJC_ROOT_CLASS = YES_ERROR;
				CLANG_WARN_QUOTED_INCLUDE_IN_FRAMEWORK_HEADER = YES;
				CLANG_WARN_RANGE_LOOP_ANALYSIS = YES;
				CLANG_WARN_STRICT_PROTOTYPES = YES;
				CLANG_WARN_SUSPICIOUS_MOVE = YES;
				CLANG_WARN_UNGUARDED_AVAILABILITY = YES_AGGRESSIVE;
				CLANG_WARN_UNREACHABLE_CODE = YES;
				CLANG_WARN__DUPLICATE_METHOD_MATCH = YES;
				COPY_PHASE_STRIP = NO;
				DEBUG_INFORMATION_FORMAT = dwarf;
				ENABLE_STRICT_OBJC_MSGSEND = YES;
				ENABLE_TESTABILITY = YES;
				GCC_C_LANGUAGE_STANDARD = gnu11;
				GCC_DYNAMIC_NO_PIC = NO;
				GCC_NO_COMMON_BLOCKS = YES;
				GCC_OPTIMIZATION_LEVEL = 0;
				GCC_PREPROCESSOR_DEFINITIONS = (
					"DEBUG=1",
					"$(inherited)",
				);
				GCC_WARN_64_TO_32_BIT_CONVERSION = YES;
				GCC_WARN_ABOUT_RETURN_TYPE = YES_ERROR;
				GCC_WARN_UNDECLARED_SELECTOR = YES;
				GCC_WARN_UNINITIALIZED_AUTOS = YES_AGGRESSIVE;
				GCC_WARN_UNUSED_FUNCTION = YES;
				GCC_WARN_UNUSED_VARIABLE = YES;
				IPHONEOS_DEPLOYMENT_TARGET = 14.0;
				MTL_ENABLE_DEBUG_INFO = INCLUDE_SOURCE;
				MTL_FAST_MATH = YES;
				ONLY_ACTIVE_ARCH = YES;
				SDKROOT = iphoneos;
				SWIFT_ACTIVE_COMPILATION_CONDITIONS = DEBUG;
				SWIFT_OPTIMIZATION_LEVEL = "-Onone";
			};
			name = Debug;
		};
		15089B6E2861C27D0076975B /* Release */ = {
			isa = XCBuildConfiguration;
			buildSettings = {
				ALWAYS_SEARCH_USER_PATHS = NO;
				CLANG_ANALYZER_NONNULL = YES;
				CLANG_ANALYZER_NUMBER_OBJECT_CONVERSION = YES_AGGRESSIVE;
				CLANG_CXX_LANGUAGE_STANDARD = "gnu++14";
				CLANG_CXX_LIBRARY = "libc++";
				CLANG_ENABLE_MODULES = YES;
				CLANG_ENABLE_OBJC_ARC = YES;
				CLANG_ENABLE_OBJC_WEAK = YES;
				CLANG_WARN_BLOCK_CAPTURE_AUTORELEASING = YES;
				CLANG_WARN_BOOL_CONVERSION = YES;
				CLANG_WARN_COMMA = YES;
				CLANG_WARN_CONSTANT_CONVERSION = YES;
				CLANG_WARN_DEPRECATED_OBJC_IMPLEMENTATIONS = YES;
				CLANG_WARN_DIRECT_OBJC_ISA_USAGE = YES_ERROR;
				CLANG_WARN_DOCUMENTATION_COMMENTS = YES;
				CLANG_WARN_EMPTY_BODY = YES;
				CLANG_WARN_ENUM_CONVERSION = YES;
				CLANG_WARN_INFINITE_RECURSION = YES;
				CLANG_WARN_INT_CONVERSION = YES;
				CLANG_WARN_NON_LITERAL_NULL_CONVERSION = YES;
				CLANG_WARN_OBJC_IMPLICIT_RETAIN_SELF = YES;
				CLANG_WARN_OBJC_LITERAL_CONVERSION = YES;
				CLANG_WARN_OBJC_ROOT_CLASS = YES_ERROR;
				CLANG_WARN_QUOTED_INCLUDE_IN_FRAMEWORK_HEADER = YES;
				CLANG_WARN_RANGE_LOOP_ANALYSIS = YES;
				CLANG_WARN_STRICT_PROTOTYPES = YES;
				CLANG_WARN_SUSPICIOUS_MOVE = YES;
				CLANG_WARN_UNGUARDED_AVAILABILITY = YES_AGGRESSIVE;
				CLANG_WARN_UNREACHABLE_CODE = YES;
				CLANG_WARN__DUPLICATE_METHOD_MATCH = YES;
				COPY_PHASE_STRIP = NO;
				DEBUG_INFORMATION_FORMAT = "dwarf-with-dsym";
				ENABLE_NS_ASSERTIONS = NO;
				ENABLE_STRICT_OBJC_MSGSEND = YES;
				GCC_C_LANGUAGE_STANDARD = gnu11;
				GCC_NO_COMMON_BLOCKS = YES;
				GCC_WARN_64_TO_32_BIT_CONVERSION = YES;
				GCC_WARN_ABOUT_RETURN_TYPE = YES_ERROR;
				GCC_WARN_UNDECLARED_SELECTOR = YES;
				GCC_WARN_UNINITIALIZED_AUTOS = YES_AGGRESSIVE;
				GCC_WARN_UNUSED_FUNCTION = YES;
				GCC_WARN_UNUSED_VARIABLE = YES;
				IPHONEOS_DEPLOYMENT_TARGET = 14.0;
				MTL_ENABLE_DEBUG_INFO = NO;
				MTL_FAST_MATH = YES;
				SDKROOT = iphoneos;
				SWIFT_COMPILATION_MODE = wholemodule;
				SWIFT_OPTIMIZATION_LEVEL = "-O";
				VALIDATE_PRODUCT = YES;
			};
			name = Release;
		};
		15089B702861C27D0076975B /* Debug */ = {
			isa = XCBuildConfiguration;
			buildSettings = {
				ASSETCATALOG_COMPILER_APPICON_NAME = AppIcon;
				ASSETCATALOG_COMPILER_GLOBAL_ACCENT_COLOR_NAME = AccentColor;
				CODE_SIGN_STYLE = Automatic;
				DEVELOPMENT_TEAM = 48KB556P8Y;
				INFOPLIST_FILE = UnsplashTestTask/Info.plist;
				LD_RUNPATH_SEARCH_PATHS = (
					"$(inherited)",
					"@executable_path/Frameworks",
				);
				PRODUCT_BUNDLE_IDENTIFIER = ru.maksApp.UnsplashTestTask;
				PRODUCT_NAME = "$(TARGET_NAME)";
				SWIFT_VERSION = 5.0;
				TARGETED_DEVICE_FAMILY = 1;
			};
			name = Debug;
		};
		15089B712861C27D0076975B /* Release */ = {
			isa = XCBuildConfiguration;
			buildSettings = {
				ASSETCATALOG_COMPILER_APPICON_NAME = AppIcon;
				ASSETCATALOG_COMPILER_GLOBAL_ACCENT_COLOR_NAME = AccentColor;
				CODE_SIGN_STYLE = Automatic;
				DEVELOPMENT_TEAM = 48KB556P8Y;
				INFOPLIST_FILE = UnsplashTestTask/Info.plist;
				LD_RUNPATH_SEARCH_PATHS = (
					"$(inherited)",
					"@executable_path/Frameworks",
				);
				PRODUCT_BUNDLE_IDENTIFIER = ru.maksApp.UnsplashTestTask;
				PRODUCT_NAME = "$(TARGET_NAME)";
				SWIFT_VERSION = 5.0;
				TARGETED_DEVICE_FAMILY = 1;
			};
			name = Release;
		};
/* End XCBuildConfiguration section */

/* Begin XCConfigurationList section */
		15089B562861C27A0076975B /* Build configuration list for PBXProject "UnsplashTestTask" */ = {
			isa = XCConfigurationList;
			buildConfigurations = (
				15089B6D2861C27D0076975B /* Debug */,
				15089B6E2861C27D0076975B /* Release */,
			);
			defaultConfigurationIsVisible = 0;
			defaultConfigurationName = Release;
		};
		15089B6F2861C27D0076975B /* Build configuration list for PBXNativeTarget "UnsplashTestTask" */ = {
			isa = XCConfigurationList;
			buildConfigurations = (
				15089B702861C27D0076975B /* Debug */,
				15089B712861C27D0076975B /* Release */,
			);
			defaultConfigurationIsVisible = 0;
			defaultConfigurationName = Release;
		};
/* End XCConfigurationList section */
	};
	rootObject = 15089B532861C27A0076975B /* Project object */;
}
